
Microsoft Visual Studio Solution File, Format Version 12.00
# Visual Studio Version 17
VisualStudioVersion = 17.7.34031.279
MinimumVisualStudioVersion = 10.0.40219.1
Project("{FAE04EC0-301F-11D3-BF4B-00C04F79EFBC}") = "EcomApplication", "EcomApplication\EcomApplication.csproj", "{317901AD-BE2C-4EB6-8197-07CE2D355B97}"
EndProject
Global
	GlobalSection(SolutionConfigurationPlatforms) = preSolution
		Debug|Any CPU = Debug|Any CPU
		Release|Any CPU = Release|Any CPU
	EndGlobalSection
	GlobalSection(ProjectConfigurationPlatforms) = postSolution
		{317901AD-BE2C-4EB6-8197-07CE2D355B97}.Debug|Any CPU.ActiveCfg = Debug|Any CPU
		{317901AD-BE2C-4EB6-8197-07CE2D355B97}.Debug|Any CPU.Build.0 = Debug|Any CPU
		{317901AD-BE2C-4EB6-8197-07CE2D355B97}.Release|Any CPU.ActiveCfg = Release|Any CPU
		{317901AD-BE2C-4EB6-8197-07CE2D355B97}.Release|Any CPU.Build.0 = Release|Any CPU
	EndGlobalSection
	GlobalSection(SolutionProperties) = preSolution
		HideSolutionNode = FALSE
	EndGlobalSection
	GlobalSection(ExtensibilityGlobals) = postSolution
		SolutionGuid = {34C020EA-7B08-4B7D-BA99-E186A364F4C2}
	EndGlobalSection
EndGlobal
